
Microsoft Visual Studio Solution File, Format Version 12.00
# Visual Studio Version 17
VisualStudioVersion = 17.5.002.0
MinimumVisualStudioVersion = 10.0.40219.1
Project("{2150E333-8FDC-42A3-9474-1A3956D46DE8}") = "CsharpProjects", "CsharpProjects", "{F32493B0-CD85-456D-A613-78EC6DA7F3CF}"
EndProject
Project("{9A19103F-16F7-4668-BE54-9A1E7A4F7556}") = "TestProject", "CsharpProjects\TestProject\TestProject.csproj", "{FF82C9D8-2D9C-4C33-AC85-7529FEE260A5}"
EndProject
Global
	GlobalSection(SolutionConfigurationPlatforms) = preSolution
		Debug|Any CPU = Debug|Any CPU
		Release|Any CPU = Release|Any CPU
	EndGlobalSection
	GlobalSection(ProjectConfigurationPlatforms) = postSolution
		{FF82C9D8-2D9C-4C33-AC85-7529FEE260A5}.Debug|Any CPU.ActiveCfg = Debug|Any CPU
		{FF82C9D8-2D9C-4C33-AC85-7529FEE260A5}.Debug|Any CPU.Build.0 = Debug|Any CPU
		{FF82C9D8-2D9C-4C33-AC85-7529FEE260A5}.Release|Any CPU.ActiveCfg = Release|Any CPU
		{FF82C9D8-2D9C-4C33-AC85-7529FEE260A5}.Release|Any CPU.Build.0 = Release|Any CPU
	EndGlobalSection
	GlobalSection(SolutionProperties) = preSolution
		HideSolutionNode = FALSE
	EndGlobalSection
	GlobalSection(NestedProjects) = preSolution
		{FF82C9D8-2D9C-4C33-AC85-7529FEE260A5} = {F32493B0-CD85-456D-A613-78EC6DA7F3CF}
	EndGlobalSection
	GlobalSection(ExtensibilityGlobals) = postSolution
		SolutionGuid = {BFA6F0BA-D100-4DBA-9836-F92ED52C7131}
	EndGlobalSection
EndGlobal
